
Microsoft Visual Studio Solution File, Format Version 12.00
# Visual Studio Version 17
VisualStudioVersion = 17.6.33829.357
MinimumVisualStudioVersion = 10.0.40219.1
Project("{FAE04EC0-301F-11D3-BF4B-00C04F79EFBC}") = "EvalConsoleAppTest", "EvalConsoleAppTest\EvalConsoleAppTest.csproj", "{97E457C7-C965-4F0D-8635-6946F08CF18B}"
EndProject
Project("{FAE04EC0-301F-11D3-BF4B-00C04F79EFBC}") = "ConvertisseurRomain", "ConvertisseurRomain\ConvertisseurRomain.csproj", "{4EB53104-9A8F-44C9-8949-4946CB1EC090}"
EndProject
Global
	GlobalSection(SolutionConfigurationPlatforms) = preSolution
		Debug|Any CPU = Debug|Any CPU
		Release|Any CPU = Release|Any CPU
	EndGlobalSection
	GlobalSection(ProjectConfigurationPlatforms) = postSolution
		{97E457C7-C965-4F0D-8635-6946F08CF18B}.Debug|Any CPU.ActiveCfg = Debug|Any CPU
		{97E457C7-C965-4F0D-8635-6946F08CF18B}.Debug|Any CPU.Build.0 = Debug|Any CPU
		{97E457C7-C965-4F0D-8635-6946F08CF18B}.Release|Any CPU.ActiveCfg = Release|Any CPU
		{97E457C7-C965-4F0D-8635-6946F08CF18B}.Release|Any CPU.Build.0 = Release|Any CPU
		{4EB53104-9A8F-44C9-8949-4946CB1EC090}.Debug|Any CPU.ActiveCfg = Debug|Any CPU
		{4EB53104-9A8F-44C9-8949-4946CB1EC090}.Debug|Any CPU.Build.0 = Debug|Any CPU
		{4EB53104-9A8F-44C9-8949-4946CB1EC090}.Release|Any CPU.ActiveCfg = Release|Any CPU
		{4EB53104-9A8F-44C9-8949-4946CB1EC090}.Release|Any CPU.Build.0 = Release|Any CPU
	EndGlobalSection
	GlobalSection(SolutionProperties) = preSolution
		HideSolutionNode = FALSE
	EndGlobalSection
	GlobalSection(ExtensibilityGlobals) = postSolution
		SolutionGuid = {F541D6C4-80BE-4779-BDEB-57E3FA669ED7}
	EndGlobalSection
EndGlobal
